{
  "name": "PaginaLogin",
  "lockfileVersion": 2,
  "requires": true,
  "packages": {
    "": {
      "dependencies": {
        "all-animation": "^3.0.6"
      }
    },
    "node_modules/all-animation": {
      "version": "3.0.6",
      "resolved": "https://registry.npmjs.org/all-animation/-/all-animation-3.0.6.tgz",
      "integrity": "sha512-y+o1ggZtdkRS+wNtKW1sA8ch1MbhjIY7iT1pJRd7+rqU8iLXvQmFNChTvvmbWR9B4TuUlQUrNlsVaDlPPXEj/A=="
    }
  },
  "dependencies": {
    "all-animation": {
      "version": "3.0.6",
      "resolved": "https://registry.npmjs.org/all-animation/-/all-animation-3.0.6.tgz",
      "integrity": "sha512-y+o1ggZtdkRS+wNtKW1sA8ch1MbhjIY7iT1pJRd7+rqU8iLXvQmFNChTvvmbWR9B4TuUlQUrNlsVaDlPPXEj/A=="
    }
  }
}
